{
  "name": "glucose-metric-calculator",
  "version": "1.22.10",
  "lockfileVersion": 1,
  "requires": true,
  "dependencies": {
    "18": {
      "version": "0.0.0",
      "resolved": "https://registry.npmjs.org/18/-/18-0.0.0.tgz",
      "integrity": "sha512-2SPMA/ciHy16yY4uVXDrW8q7nLwb2F2Vrt8Qz5OiVo9cyC8Wo8/rwC2hDzbqlTXhIwzt2Y4yJRLem6XMNbT/3A=="
    },
    "node": {
      "version": "22.16.0",
      "resolved": "https://registry.npmjs.org/node/-/node-22.16.0.tgz",
      "integrity": "sha512-rJlZ29rJLShrkDJrvLUfuxMJT5in2o1C0PhOPjZI9yHnctqk9m85sSyoAdhkN98Xb14NeobmCiIKFWqT2E1+bA==",
      "requires": {
        "node-bin-setup": "^1.0.0"
      }
    },
    "node-bin-setup": {
      "version": "1.1.4",
      "resolved": "https://registry.npmjs.org/node-bin-setup/-/node-bin-setup-1.1.4.tgz",
      "integrity": "sha512-vWNHOne0ZUavArqPP5LJta50+S8R261Fr5SvGul37HbEDcowvLjwdvd0ZeSr0r2lTSrPxl6okq9QUw8BFGiAxA=="
    }
  }
}
